
Microsoft Visual Studio Solution File, Format Version 12.00
# Visual Studio Version 17
VisualStudioVersion = 17.4.33213.308
MinimumVisualStudioVersion = 10.0.40219.1
Project("{FAE04EC0-301F-11D3-BF4B-00C04F79EFBC}") = "LU New Campus", "LU New Campus\LU New Campus.csproj", "{90BE06F7-8360-48C8-9BAA-E912317CA366}"
EndProject
Global
	GlobalSection(SolutionConfigurationPlatforms) = preSolution
		Debug|Any CPU = Debug|Any CPU
		Release|Any CPU = Release|Any CPU
	EndGlobalSection
	GlobalSection(ProjectConfigurationPlatforms) = postSolution
		{90BE06F7-8360-48C8-9BAA-E912317CA366}.Debug|Any CPU.ActiveCfg = Debug|Any CPU
		{90BE06F7-8360-48C8-9BAA-E912317CA366}.Debug|Any CPU.Build.0 = Debug|Any CPU
		{90BE06F7-8360-48C8-9BAA-E912317CA366}.Release|Any CPU.ActiveCfg = Release|Any CPU
		{90BE06F7-8360-48C8-9BAA-E912317CA366}.Release|Any CPU.Build.0 = Release|Any CPU
	EndGlobalSection
	GlobalSection(SolutionProperties) = preSolution
		HideSolutionNode = FALSE
	EndGlobalSection
	GlobalSection(ExtensibilityGlobals) = postSolution
		SolutionGuid = {55873406-E16D-4103-B146-AFE026DF9EA4}
	EndGlobalSection
EndGlobal
